
Microsoft Visual Studio Solution File, Format Version 12.00
# Visual Studio 15
VisualStudioVersion = 15.0.27130.2027
MinimumVisualStudioVersion = 10.0.40219.1
Project("{FAE04EC0-301F-11D3-BF4B-00C04F79EFBC}") = "ARHAB", "ARHAB.csproj", "{9BE90FAC-90C7-441B-B3C1-8ED19A308D6F}"
EndProject
Global
	GlobalSection(SolutionConfigurationPlatforms) = preSolution
		Debug|Any CPU = Debug|Any CPU
		Release|Any CPU = Release|Any CPU
	EndGlobalSection
	GlobalSection(ProjectConfigurationPlatforms) = postSolution
		{9BE90FAC-90C7-441B-B3C1-8ED19A308D6F}.Debug|Any CPU.ActiveCfg = Debug|Any CPU
		{9BE90FAC-90C7-441B-B3C1-8ED19A308D6F}.Debug|Any CPU.Build.0 = Debug|Any CPU
		{9BE90FAC-90C7-441B-B3C1-8ED19A308D6F}.Release|Any CPU.ActiveCfg = Release|Any CPU
		{9BE90FAC-90C7-441B-B3C1-8ED19A308D6F}.Release|Any CPU.Build.0 = Release|Any CPU
	EndGlobalSection
	GlobalSection(SolutionProperties) = preSolution
		HideSolutionNode = FALSE
	EndGlobalSection
	GlobalSection(ExtensibilityGlobals) = postSolution
		SolutionGuid = {FFD42D97-EBC4-4CC3-8685-68622F80B031}
	EndGlobalSection
EndGlobal
